
Microsoft Visual Studio Solution File, Format Version 12.00
# Visual Studio Version 16
VisualStudioVersion = 16.0.30503.244
MinimumVisualStudioVersion = 10.0.40219.1
Project("{FAE04EC0-301F-11D3-BF4B-00C04F79EFBC}") = "WPFClient", "WPFClient\WPFClient.csproj", "{8F1CEBCD-4BA3-488A-9EEA-C7AB87536168}"
EndProject
Project("{FAE04EC0-301F-11D3-BF4B-00C04F79EFBC}") = "WebClient", "WebClient\WebClient.csproj", "{37E905DF-438F-4C50-A491-F4F3D6DB5A2B}"
EndProject
Project("{FAE04EC0-301F-11D3-BF4B-00C04F79EFBC}") = "RESTWebAPI", "RESTWebAPI\RESTWebAPI.csproj", "{2715DF30-B4D3-4764-B8A7-ED898DA7F1AB}"
EndProject
Project("{FAE04EC0-301F-11D3-BF4B-00C04F79EFBC}") = "ModelLayer", "ModelLayer\ModelLayer.csproj", "{6AF0C67E-6A00-4F09-9035-EFF825F846EF}"
EndProject
Project("{FAE04EC0-301F-11D3-BF4B-00C04F79EFBC}") = "BusinessLayer", "BusinessLayer\BusinessLayer.csproj", "{C63C2A87-9E3F-4FCB-A043-FF43388D756D}"
EndProject
Project("{FAE04EC0-301F-11D3-BF4B-00C04F79EFBC}") = "DataAccessLayer", "DataAccessLayer\DataAccessLayer.csproj", "{0656AD48-8DA8-4950-AAD3-F4CC26A0905A}"
EndProject
Global
	GlobalSection(SolutionConfigurationPlatforms) = preSolution
		Debug|Any CPU = Debug|Any CPU
		Release|Any CPU = Release|Any CPU
	EndGlobalSection
	GlobalSection(ProjectConfigurationPlatforms) = postSolution
		{8F1CEBCD-4BA3-488A-9EEA-C7AB87536168}.Debug|Any CPU.ActiveCfg = Debug|Any CPU
		{8F1CEBCD-4BA3-488A-9EEA-C7AB87536168}.Debug|Any CPU.Build.0 = Debug|Any CPU
		{8F1CEBCD-4BA3-488A-9EEA-C7AB87536168}.Release|Any CPU.ActiveCfg = Release|Any CPU
		{8F1CEBCD-4BA3-488A-9EEA-C7AB87536168}.Release|Any CPU.Build.0 = Release|Any CPU
		{37E905DF-438F-4C50-A491-F4F3D6DB5A2B}.Debug|Any CPU.ActiveCfg = Debug|Any CPU
		{37E905DF-438F-4C50-A491-F4F3D6DB5A2B}.Debug|Any CPU.Build.0 = Debug|Any CPU
		{37E905DF-438F-4C50-A491-F4F3D6DB5A2B}.Release|Any CPU.ActiveCfg = Release|Any CPU
		{37E905DF-438F-4C50-A491-F4F3D6DB5A2B}.Release|Any CPU.Build.0 = Release|Any CPU
		{2715DF30-B4D3-4764-B8A7-ED898DA7F1AB}.Debug|Any CPU.ActiveCfg = Debug|Any CPU
		{2715DF30-B4D3-4764-B8A7-ED898DA7F1AB}.Debug|Any CPU.Build.0 = Debug|Any CPU
		{2715DF30-B4D3-4764-B8A7-ED898DA7F1AB}.Release|Any CPU.ActiveCfg = Release|Any CPU
		{2715DF30-B4D3-4764-B8A7-ED898DA7F1AB}.Release|Any CPU.Build.0 = Release|Any CPU
		{6AF0C67E-6A00-4F09-9035-EFF825F846EF}.Debug|Any CPU.ActiveCfg = Debug|Any CPU
		{6AF0C67E-6A00-4F09-9035-EFF825F846EF}.Debug|Any CPU.Build.0 = Debug|Any CPU
		{6AF0C67E-6A00-4F09-9035-EFF825F846EF}.Release|Any CPU.ActiveCfg = Release|Any CPU
		{6AF0C67E-6A00-4F09-9035-EFF825F846EF}.Release|Any CPU.Build.0 = Release|Any CPU
		{C63C2A87-9E3F-4FCB-A043-FF43388D756D}.Debug|Any CPU.ActiveCfg = Debug|Any CPU
		{C63C2A87-9E3F-4FCB-A043-FF43388D756D}.Debug|Any CPU.Build.0 = Debug|Any CPU
		{C63C2A87-9E3F-4FCB-A043-FF43388D756D}.Release|Any CPU.ActiveCfg = Release|Any CPU
		{C63C2A87-9E3F-4FCB-A043-FF43388D756D}.Release|Any CPU.Build.0 = Release|Any CPU
		{0656AD48-8DA8-4950-AAD3-F4CC26A0905A}.Debug|Any CPU.ActiveCfg = Debug|Any CPU
		{0656AD48-8DA8-4950-AAD3-F4CC26A0905A}.Debug|Any CPU.Build.0 = Debug|Any CPU
		{0656AD48-8DA8-4950-AAD3-F4CC26A0905A}.Release|Any CPU.ActiveCfg = Release|Any CPU
		{0656AD48-8DA8-4950-AAD3-F4CC26A0905A}.Release|Any CPU.Build.0 = Release|Any CPU
	EndGlobalSection
	GlobalSection(SolutionProperties) = preSolution
		HideSolutionNode = FALSE
	EndGlobalSection
	GlobalSection(ExtensibilityGlobals) = postSolution
		SolutionGuid = {01572ACC-0577-4A17-A39D-90989DD773A7}
	EndGlobalSection
EndGlobal
